
Microsoft Visual Studio Solution File, Format Version 12.00
# Visual Studio Version 17
VisualStudioVersion = 17.4.33213.308
MinimumVisualStudioVersion = 10.0.40219.1
Project("{9A19103F-16F7-4668-BE54-9A1E7A4F7556}") = "LMS.Admin.UI", "LMS.Admin.UI\LMS.Admin.UI.csproj", "{BBC87BF3-21A1-4D7B-A9E0-6C9A48E34470}"
EndProject
Project("{9A19103F-16F7-4668-BE54-9A1E7A4F7556}") = "LMS.Common", "LMS.Common\LMS.Common.csproj", "{ED1A19B8-C74B-40DF-90FA-D436E648583C}"
EndProject
Project("{9A19103F-16F7-4668-BE54-9A1E7A4F7556}") = "LMS.Membership.Database", "LMS.Membership.Database\LMS.Membership.Database.csproj", "{6AFD9800-ABB4-46BA-BC9A-043148442E97}"
EndProject
Project("{9A19103F-16F7-4668-BE54-9A1E7A4F7556}") = "LMS.Membership.API", "LMS.Membership.API\LMS.Membership.API.csproj", "{F2F7E2CB-4958-4430-ABD2-3559B1C44EA4}"
EndProject
Global
	GlobalSection(SolutionConfigurationPlatforms) = preSolution
		Debug|Any CPU = Debug|Any CPU
		Release|Any CPU = Release|Any CPU
	EndGlobalSection
	GlobalSection(ProjectConfigurationPlatforms) = postSolution
		{BBC87BF3-21A1-4D7B-A9E0-6C9A48E34470}.Debug|Any CPU.ActiveCfg = Debug|Any CPU
		{BBC87BF3-21A1-4D7B-A9E0-6C9A48E34470}.Debug|Any CPU.Build.0 = Debug|Any CPU
		{BBC87BF3-21A1-4D7B-A9E0-6C9A48E34470}.Release|Any CPU.ActiveCfg = Release|Any CPU
		{BBC87BF3-21A1-4D7B-A9E0-6C9A48E34470}.Release|Any CPU.Build.0 = Release|Any CPU
		{ED1A19B8-C74B-40DF-90FA-D436E648583C}.Debug|Any CPU.ActiveCfg = Debug|Any CPU
		{ED1A19B8-C74B-40DF-90FA-D436E648583C}.Debug|Any CPU.Build.0 = Debug|Any CPU
		{ED1A19B8-C74B-40DF-90FA-D436E648583C}.Release|Any CPU.ActiveCfg = Release|Any CPU
		{ED1A19B8-C74B-40DF-90FA-D436E648583C}.Release|Any CPU.Build.0 = Release|Any CPU
		{6AFD9800-ABB4-46BA-BC9A-043148442E97}.Debug|Any CPU.ActiveCfg = Debug|Any CPU
		{6AFD9800-ABB4-46BA-BC9A-043148442E97}.Debug|Any CPU.Build.0 = Debug|Any CPU
		{6AFD9800-ABB4-46BA-BC9A-043148442E97}.Release|Any CPU.ActiveCfg = Release|Any CPU
		{6AFD9800-ABB4-46BA-BC9A-043148442E97}.Release|Any CPU.Build.0 = Release|Any CPU
		{F2F7E2CB-4958-4430-ABD2-3559B1C44EA4}.Debug|Any CPU.ActiveCfg = Debug|Any CPU
		{F2F7E2CB-4958-4430-ABD2-3559B1C44EA4}.Debug|Any CPU.Build.0 = Debug|Any CPU
		{F2F7E2CB-4958-4430-ABD2-3559B1C44EA4}.Release|Any CPU.ActiveCfg = Release|Any CPU
		{F2F7E2CB-4958-4430-ABD2-3559B1C44EA4}.Release|Any CPU.Build.0 = Release|Any CPU
	EndGlobalSection
	GlobalSection(SolutionProperties) = preSolution
		HideSolutionNode = FALSE
	EndGlobalSection
	GlobalSection(ExtensibilityGlobals) = postSolution
		SolutionGuid = {BB35EFD3-60BC-48AD-9C67-3BBB993F97F0}
	EndGlobalSection
EndGlobal
